// !$*UTF8*$!
{
	archiveVersion = 1;
	classes = {
	};
	objectVersion = 46;
	objects = {

/* Begin PBXBuildFile section */
		8301B7481D95361F00C5FF3D /* main.m in Sources */ = {isa = PBXBuildFile; fileRef = 8301B7471D95361F00C5FF3D /* main.m */; };
		8301B74B1D95361F00C5FF3D /* AppDelegate.m in Sources */ = {isa = PBXBuildFile; fileRef = 8301B74A1D95361F00C5FF3D /* AppDelegate.m */; };
		8301B74E1D95361F00C5FF3D /* LoginViewController.m in Sources */ = {isa = PBXBuildFile; fileRef = 8301B74D1D95361F00C5FF3D /* LoginViewController.m */; };
		8301B7511D95361F00C5FF3D /* Main.storyboard in Resources */ = {isa = PBXBuildFile; fileRef = 8301B74F1D95361F00C5FF3D /* Main.storyboard */; };
		8301B7541D95361F00C5FF3D /* rostelecomChampion.xcdatamodeld in Sources */ = {isa = PBXBuildFile; fileRef = 8301B7521D95361F00C5FF3D /* rostelecomChampion.xcdatamodeld */; };
		8301B7561D95361F00C5FF3D /* Assets.xcassets in Resources */ = {isa = PBXBuildFile; fileRef = 8301B7551D95361F00C5FF3D /* Assets.xcassets */; };
		8301B7591D95361F00C5FF3D /* LaunchScreen.storyboard in Resources */ = {isa = PBXBuildFile; fileRef = 8301B7571D95361F00C5FF3D /* LaunchScreen.storyboard */; };
		8301B8071D9546D000C5FF3D /* ConnectionService.m in Sources */ = {isa = PBXBuildFile; fileRef = 8301B8061D9546D000C5FF3D /* ConnectionService.m */; };
		8320E4D21D9577C900AC7E29 /* AchievementMO+CoreDataClass.m in Sources */ = {isa = PBXBuildFile; fileRef = 8320E4B31D9577C900AC7E29 /* AchievementMO+CoreDataClass.m */; };
		8320E4D31D9577C900AC7E29 /* AchievementMO+CoreDataProperties.m in Sources */ = {isa = PBXBuildFile; fileRef = 8320E4B51D9577C900AC7E29 /* AchievementMO+CoreDataProperties.m */; };
		8320E4D41D9577C900AC7E29 /* TaskMO.m in Sources */ = {isa = PBXBuildFile; fileRef = 8320E4B71D9577C900AC7E29 /* TaskMO.m */; };
		8320E4D51D9577C900AC7E29 /* TaskMO+CoreDataProperties.m in Sources */ = {isa = PBXBuildFile; fileRef = 8320E4B91D9577C900AC7E29 /* TaskMO+CoreDataProperties.m */; };
		8320E4D61D9577C900AC7E29 /* AttachmentMO+CoreDataClass.m in Sources */ = {isa = PBXBuildFile; fileRef = 8320E4BB1D9577C900AC7E29 /* AttachmentMO+CoreDataClass.m */; };
		8320E4D71D9577C900AC7E29 /* AttachmentMO+CoreDataProperties.m in Sources */ = {isa = PBXBuildFile; fileRef = 8320E4BD1D9577C900AC7E29 /* AttachmentMO+CoreDataProperties.m */; };
		8320E4D81D9577C900AC7E29 /* UserMO+CoreDataClass.m in Sources */ = {isa = PBXBuildFile; fileRef = 8320E4BF1D9577C900AC7E29 /* UserMO+CoreDataClass.m */; };
		8320E4D91D9577C900AC7E29 /* UserMO+CoreDataProperties.m in Sources */ = {isa = PBXBuildFile; fileRef = 8320E4C11D9577C900AC7E29 /* UserMO+CoreDataProperties.m */; };
		8320E4DA1D9577C900AC7E29 /* DepartmentMO+CoreDataClass.m in Sources */ = {isa = PBXBuildFile; fileRef = 8320E4C31D9577C900AC7E29 /* DepartmentMO+CoreDataClass.m */; };
		8320E4DB1D9577C900AC7E29 /* DepartmentMO+CoreDataProperties.m in Sources */ = {isa = PBXBuildFile; fileRef = 8320E4C51D9577C900AC7E29 /* DepartmentMO+CoreDataProperties.m */; };
		8320E4DC1D9577C900AC7E29 /* RequestMO+CoreDataClass.m in Sources */ = {isa = PBXBuildFile; fileRef = 8320E4C71D9577C900AC7E29 /* RequestMO+CoreDataClass.m */; };
		8320E4DD1D9577C900AC7E29 /* RequestMO+CoreDataProperties.m in Sources */ = {isa = PBXBuildFile; fileRef = 8320E4C91D9577C900AC7E29 /* RequestMO+CoreDataProperties.m */; };
		8320E4DE1D9577C900AC7E29 /* Balance_logMO.m in Sources */ = {isa = PBXBuildFile; fileRef = 8320E4CB1D9577C900AC7E29 /* Balance_logMO.m */; };
		8320E4DF1D9577C900AC7E29 /* Balance_logMO+CoreDataProperties.m in Sources */ = {isa = PBXBuildFile; fileRef = 8320E4CD1D9577C900AC7E29 /* Balance_logMO+CoreDataProperties.m */; };
		8320E4E01D9577C900AC7E29 /* LevelMO+CoreDataClass.m in Sources */ = {isa = PBXBuildFile; fileRef = 8320E4CF1D9577C900AC7E29 /* LevelMO+CoreDataClass.m */; };
		8320E4E11D9577C900AC7E29 /* LevelMO+CoreDataProperties.m in Sources */ = {isa = PBXBuildFile; fileRef = 8320E4D11D9577C900AC7E29 /* LevelMO+CoreDataProperties.m */; };
		83EDDC871D95A61B00799888 /* AppServiceProvider.m in Sources */ = {isa = PBXBuildFile; fileRef = 83EDDC861D95A61B00799888 /* AppServiceProvider.m */; };
		83EDDC8B1D95FE4C00799888 /* ProfileViewController.m in Sources */ = {isa = PBXBuildFile; fileRef = 83EDDC8A1D95FE4C00799888 /* ProfileViewController.m */; };
		83EDDC8E1D95FFE900799888 /* QuestTableViewCell.m in Sources */ = {isa = PBXBuildFile; fileRef = 83EDDC8D1D95FFE900799888 /* QuestTableViewCell.m */; };
		B1C7CC2489883A844E184A4D /* libPods-rostelecomChampion.a in Frameworks */ = {isa = PBXBuildFile; fileRef = 139E688A929E37A81D8513C5 /* libPods-rostelecomChampion.a */; };
/* End PBXBuildFile section */

/* Begin PBXFileReference section */
		139E688A929E37A81D8513C5 /* libPods-rostelecomChampion.a */ = {isa = PBXFileReference; explicitFileType = archive.ar; includeInIndex = 0; path = "libPods-rostelecomChampion.a"; sourceTree = BUILT_PRODUCTS_DIR; };
		7448FA7F4E22427DAC178489 /* Pods-rostelecomChampion.release.xcconfig */ = {isa = PBXFileReference; includeInIndex = 1; lastKnownFileType = text.xcconfig; name = "Pods-rostelecomChampion.release.xcconfig"; path = "Pods/Target Support Files/Pods-rostelecomChampion/Pods-rostelecomChampion.release.xcconfig"; sourceTree = "<group>"; };
		8301B7431D95361F00C5FF3D /* rostelecomChampion.app */ = {isa = PBXFileReference; explicitFileType = wrapper.application; includeInIndex = 0; path = rostelecomChampion.app; sourceTree = BUILT_PRODUCTS_DIR; };
		8301B7471D95361F00C5FF3D /* main.m */ = {isa = PBXFileReference; lastKnownFileType = sourcecode.c.objc; path = main.m; sourceTree = "<group>"; };
		8301B7491D95361F00C5FF3D /* AppDelegate.h */ = {isa = PBXFileReference; lastKnownFileType = sourcecode.c.h; path = AppDelegate.h; sourceTree = "<group>"; };
		8301B74A1D95361F00C5FF3D /* AppDelegate.m */ = {isa = PBXFileReference; lastKnownFileType = sourcecode.c.objc; path = AppDelegate.m; sourceTree = "<group>"; };
		8301B74C1D95361F00C5FF3D /* LoginViewController.h */ = {isa = PBXFileReference; lastKnownFileType = sourcecode.c.h; path = LoginViewController.h; sourceTree = "<group>"; };
		8301B74D1D95361F00C5FF3D /* LoginViewController.m */ = {isa = PBXFileReference; lastKnownFileType = sourcecode.c.objc; path = LoginViewController.m; sourceTree = "<group>"; };
		8301B7501D95361F00C5FF3D /* Base */ = {isa = PBXFileReference; lastKnownFileType = file.storyboard; name = Base; path = Base.lproj/Main.storyboard; sourceTree = "<group>"; };
		8301B7531D95361F00C5FF3D /* rostelecomChampion.xcdatamodel */ = {isa = PBXFileReference; lastKnownFileType = wrapper.xcdatamodel; path = rostelecomChampion.xcdatamodel; sourceTree = "<group>"; };
		8301B7551D95361F00C5FF3D /* Assets.xcassets */ = {isa = PBXFileReference; lastKnownFileType = folder.assetcatalog; path = Assets.xcassets; sourceTree = "<group>"; };
		8301B7581D95361F00C5FF3D /* Base */ = {isa = PBXFileReference; lastKnownFileType = file.storyboard; name = Base; path = Base.lproj/LaunchScreen.storyboard; sourceTree = "<group>"; };
		8301B75A1D95361F00C5FF3D /* Info.plist */ = {isa = PBXFileReference; lastKnownFileType = text.plist.xml; path = Info.plist; sourceTree = "<group>"; };
		8301B8051D9546D000C5FF3D /* ConnectionService.h */ = {isa = PBXFileReference; fileEncoding = 4; lastKnownFileType = sourcecode.c.h; path = ConnectionService.h; sourceTree = "<group>"; };
		8301B8061D9546D000C5FF3D /* ConnectionService.m */ = {isa = PBXFileReference; fileEncoding = 4; lastKnownFileType = sourcecode.c.objc; path = ConnectionService.m; sourceTree = "<group>"; };
		8320E4B21D9577C900AC7E29 /* AchievementMO.h */ = {isa = PBXFileReference; fileEncoding = 4; lastKnownFileType = sourcecode.c.h; name = AchievementMO.h; path = rostelecomChampion/AchievementMO.h; sourceTree = "<group>"; };
		8320E4B31D9577C900AC7E29 /* AchievementMO+CoreDataClass.m */ = {isa = PBXFileReference; fileEncoding = 4; lastKnownFileType = sourcecode.c.objc; name = "AchievementMO+CoreDataClass.m"; path = "rostelecomChampion/AchievementMO+CoreDataClass.m"; sourceTree = "<group>"; };
		8320E4B41D9577C900AC7E29 /* AchievementMO+CoreDataProperties.h */ = {isa = PBXFileReference; fileEncoding = 4; lastKnownFileType = sourcecode.c.h; name = "AchievementMO+CoreDataProperties.h"; path = "rostelecomChampion/AchievementMO+CoreDataProperties.h"; sourceTree = "<group>"; };
		8320E4B51D9577C900AC7E29 /* AchievementMO+CoreDataProperties.m */ = {isa = PBXFileReference; fileEncoding = 4; lastKnownFileType = sourcecode.c.objc; name = "AchievementMO+CoreDataProperties.m"; path = "rostelecomChampion/AchievementMO+CoreDataProperties.m"; sourceTree = "<group>"; };
		8320E4B61D9577C900AC7E29 /* TaskMO.h */ = {isa = PBXFileReference; fileEncoding = 4; lastKnownFileType = sourcecode.c.h; name = TaskMO.h; path = rostelecomChampion/TaskMO.h; sourceTree = "<group>"; };
		8320E4B71D9577C900AC7E29 /* TaskMO.m */ = {isa = PBXFileReference; fileEncoding = 4; lastKnownFileType = sourcecode.c.objc; name = TaskMO.m; path = rostelecomChampion/TaskMO.m; sourceTree = "<group>"; };
		8320E4B81D9577C900AC7E29 /* TaskMO+CoreDataProperties.h */ = {isa = PBXFileReference; fileEncoding = 4; lastKnownFileType = sourcecode.c.h; name = "TaskMO+CoreDataProperties.h"; path = "rostelecomChampion/TaskMO+CoreDataProperties.h"; sourceTree = "<group>"; };
		8320E4B91D9577C900AC7E29 /* TaskMO+CoreDataProperties.m */ = {isa = PBXFileReference; fileEncoding = 4; lastKnownFileType = sourcecode.c.objc; name = "TaskMO+CoreDataProperties.m"; path = "rostelecomChampion/TaskMO+CoreDataProperties.m"; sourceTree = "<group>"; };
		8320E4BA1D9577C900AC7E29 /* AttachmentMO.h */ = {isa = PBXFileReference; fileEncoding = 4; lastKnownFileType = sourcecode.c.h; name = AttachmentMO.h; path = rostelecomChampion/AttachmentMO.h; sourceTree = "<group>"; };
		8320E4BB1D9577C900AC7E29 /* AttachmentMO+CoreDataClass.m */ = {isa = PBXFileReference; fileEncoding = 4; lastKnownFileType = sourcecode.c.objc; name = "AttachmentMO+CoreDataClass.m"; path = "rostelecomChampion/AttachmentMO+CoreDataClass.m"; sourceTree = "<group>"; };
		8320E4BC1D9577C900AC7E29 /* AttachmentMO+CoreDataProperties.h */ = {isa = PBXFileReference; fileEncoding = 4; lastKnownFileType = sourcecode.c.h; name = "AttachmentMO+CoreDataProperties.h"; path = "rostelecomChampion/AttachmentMO+CoreDataProperties.h"; sourceTree = "<group>"; };
		8320E4BD1D9577C900AC7E29 /* AttachmentMO+CoreDataProperties.m */ = {isa = PBXFileReference; fileEncoding = 4; lastKnownFileType = sourcecode.c.objc; name = "AttachmentMO+CoreDataProperties.m"; path = "rostelecomChampion/AttachmentMO+CoreDataProperties.m"; sourceTree = "<group>"; };
		8320E4BE1D9577C900AC7E29 /* UserMO.h */ = {isa = PBXFileReference; fileEncoding = 4; lastKnownFileType = sourcecode.c.h; name = UserMO.h; path = rostelecomChampion/UserMO.h; sourceTree = "<group>"; };
		8320E4BF1D9577C900AC7E29 /* UserMO+CoreDataClass.m */ = {isa = PBXFileReference; fileEncoding = 4; lastKnownFileType = sourcecode.c.objc; name = "UserMO+CoreDataClass.m"; path = "rostelecomChampion/UserMO+CoreDataClass.m"; sourceTree = "<group>"; };
		8320E4C01D9577C900AC7E29 /* UserMO+CoreDataProperties.h */ = {isa = PBXFileReference; fileEncoding = 4; lastKnownFileType = sourcecode.c.h; name = "UserMO+CoreDataProperties.h"; path = "rostelecomChampion/UserMO+CoreDataProperties.h"; sourceTree = "<group>"; };
		8320E4C11D9577C900AC7E29 /* UserMO+CoreDataProperties.m */ = {isa = PBXFileReference; fileEncoding = 4; lastKnownFileType = sourcecode.c.objc; name = "UserMO+CoreDataProperties.m"; path = "rostelecomChampion/UserMO+CoreDataProperties.m"; sourceTree = "<group>"; };
		8320E4C21D9577C900AC7E29 /* DepartmentMO.h */ = {isa = PBXFileReference; fileEncoding = 4; lastKnownFileType = sourcecode.c.h; name = DepartmentMO.h; path = rostelecomChampion/DepartmentMO.h; sourceTree = "<group>"; };
		8320E4C31D9577C900AC7E29 /* DepartmentMO+CoreDataClass.m */ = {isa = PBXFileReference; fileEncoding = 4; lastKnownFileType = sourcecode.c.objc; name = "DepartmentMO+CoreDataClass.m"; path = "rostelecomChampion/DepartmentMO+CoreDataClass.m"; sourceTree = "<group>"; };
		8320E4C41D9577C900AC7E29 /* DepartmentMO+CoreDataProperties.h */ = {isa = PBXFileReference; fileEncoding = 4; lastKnownFileType = sourcecode.c.h; name = "DepartmentMO+CoreDataProperties.h"; path = "rostelecomChampion/DepartmentMO+CoreDataProperties.h"; sourceTree = "<group>"; };
		8320E4C51D9577C900AC7E29 /* DepartmentMO+CoreDataProperties.m */ = {isa = PBXFileReference; fileEncoding = 4; lastKnownFileType = sourcecode.c.objc; name = "DepartmentMO+CoreDataProperties.m"; path = "rostelecomChampion/DepartmentMO+CoreDataProperties.m"; sourceTree = "<group>"; };
		8320E4C61D9577C900AC7E29 /* RequestMO.h */ = {isa = PBXFileReference; fileEncoding = 4; lastKnownFileType = sourcecode.c.h; name = RequestMO.h; path = rostelecomChampion/RequestMO.h; sourceTree = "<group>"; };
		8320E4C71D9577C900AC7E29 /* RequestMO+CoreDataClass.m */ = {isa = PBXFileReference; fileEncoding = 4; lastKnownFileType = sourcecode.c.objc; name = "RequestMO+CoreDataClass.m"; path = "rostelecomChampion/RequestMO+CoreDataClass.m"; sourceTree = "<group>"; };
		8320E4C81D9577C900AC7E29 /* RequestMO+CoreDataProperties.h */ = {isa = PBXFileReference; fileEncoding = 4; lastKnownFileType = sourcecode.c.h; name = "RequestMO+CoreDataProperties.h"; path = "rostelecomChampion/RequestMO+CoreDataProperties.h"; sourceTree = "<group>"; };
		8320E4C91D9577C900AC7E29 /* RequestMO+CoreDataProperties.m */ = {isa = PBXFileReference; fileEncoding = 4; lastKnownFileType = sourcecode.c.objc; name = "RequestMO+CoreDataProperties.m"; path = "rostelecomChampion/RequestMO+CoreDataProperties.m"; sourceTree = "<group>"; };
		8320E4CA1D9577C900AC7E29 /* Balance_logMO.h */ = {isa = PBXFileReference; fileEncoding = 4; lastKnownFileType = sourcecode.c.h; name = Balance_logMO.h; path = rostelecomChampion/Balance_logMO.h; sourceTree = "<group>"; };
		8320E4CB1D9577C900AC7E29 /* Balance_logMO.m */ = {isa = PBXFileReference; fileEncoding = 4; lastKnownFileType = sourcecode.c.objc; name = Balance_logMO.m; path = rostelecomChampion/Balance_logMO.m; sourceTree = "<group>"; };
		8320E4CC1D9577C900AC7E29 /* Balance_logMO+CoreDataProperties.h */ = {isa = PBXFileReference; fileEncoding = 4; lastKnownFileType = sourcecode.c.h; name = "Balance_logMO+CoreDataProperties.h"; path = "rostelecomChampion/Balance_logMO+CoreDataProperties.h"; sourceTree = "<group>"; };
		8320E4CD1D9577C900AC7E29 /* Balance_logMO+CoreDataProperties.m */ = {isa = PBXFileReference; fileEncoding = 4; lastKnownFileType = sourcecode.c.objc; name = "Balance_logMO+CoreDataProperties.m"; path = "rostelecomChampion/Balance_logMO+CoreDataProperties.m"; sourceTree = "<group>"; };
		8320E4CE1D9577C900AC7E29 /* LevelMO.h */ = {isa = PBXFileReference; fileEncoding = 4; lastKnownFileType = sourcecode.c.h; name = LevelMO.h; path = rostelecomChampion/LevelMO.h; sourceTree = "<group>"; };
		8320E4CF1D9577C900AC7E29 /* LevelMO+CoreDataClass.m */ = {isa = PBXFileReference; fileEncoding = 4; lastKnownFileType = sourcecode.c.objc; name = "LevelMO+CoreDataClass.m"; path = "rostelecomChampion/LevelMO+CoreDataClass.m"; sourceTree = "<group>"; };
		8320E4D01D9577C900AC7E29 /* LevelMO+CoreDataProperties.h */ = {isa = PBXFileReference; fileEncoding = 4; lastKnownFileType = sourcecode.c.h; name = "LevelMO+CoreDataProperties.h"; path = "rostelecomChampion/LevelMO+CoreDataProperties.h"; sourceTree = "<group>"; };
		8320E4D11D9577C900AC7E29 /* LevelMO+CoreDataProperties.m */ = {isa = PBXFileReference; fileEncoding = 4; lastKnownFileType = sourcecode.c.objc; name = "LevelMO+CoreDataProperties.m"; path = "rostelecomChampion/LevelMO+CoreDataProperties.m"; sourceTree = "<group>"; };
		83EDDC851D95A61B00799888 /* AppServiceProvider.h */ = {isa = PBXFileReference; fileEncoding = 4; lastKnownFileType = sourcecode.c.h; path = AppServiceProvider.h; sourceTree = "<group>"; };
		83EDDC861D95A61B00799888 /* AppServiceProvider.m */ = {isa = PBXFileReference; fileEncoding = 4; lastKnownFileType = sourcecode.c.objc; path = AppServiceProvider.m; sourceTree = "<group>"; };
		83EDDC891D95FE4C00799888 /* ProfileViewController.h */ = {isa = PBXFileReference; fileEncoding = 4; lastKnownFileType = sourcecode.c.h; path = ProfileViewController.h; sourceTree = "<group>"; };
		83EDDC8A1D95FE4C00799888 /* ProfileViewController.m */ = {isa = PBXFileReference; fileEncoding = 4; lastKnownFileType = sourcecode.c.objc; path = ProfileViewController.m; sourceTree = "<group>"; };
		83EDDC8C1D95FFE900799888 /* QuestTableViewCell.h */ = {isa = PBXFileReference; fileEncoding = 4; lastKnownFileType = sourcecode.c.h; path = QuestTableViewCell.h; sourceTree = "<group>"; };
		83EDDC8D1D95FFE900799888 /* QuestTableViewCell.m */ = {isa = PBXFileReference; fileEncoding = 4; lastKnownFileType = sourcecode.c.objc; path = QuestTableViewCell.m; sourceTree = "<group>"; };
		9AB13C9D913FD74E3A78F38D /* Pods-rostelecomChampion.debug.xcconfig */ = {isa = PBXFileReference; includeInIndex = 1; lastKnownFileType = text.xcconfig; name = "Pods-rostelecomChampion.debug.xcconfig"; path = "Pods/Target Support Files/Pods-rostelecomChampion/Pods-rostelecomChampion.debug.xcconfig"; sourceTree = "<group>"; };
/* End PBXFileReference section */

/* Begin PBXFrameworksBuildPhase section */
		8301B7401D95361E00C5FF3D /* Frameworks */ = {
			isa = PBXFrameworksBuildPhase;
			buildActionMask = 2147483647;
			files = (
				B1C7CC2489883A844E184A4D /* libPods-rostelecomChampion.a in Frameworks */,
			);
			runOnlyForDeploymentPostprocessing = 0;
		};
/* End PBXFrameworksBuildPhase section */

/* Begin PBXGroup section */
		6E8A8788A343B72F42D8FB5F /* Pods */ = {
			isa = PBXGroup;
			children = (
				9AB13C9D913FD74E3A78F38D /* Pods-rostelecomChampion.debug.xcconfig */,
				7448FA7F4E22427DAC178489 /* Pods-rostelecomChampion.release.xcconfig */,
			);
			name = Pods;
			sourceTree = "<group>";
		};
		8301B73A1D95361E00C5FF3D = {
			isa = PBXGroup;
			children = (
				8301B7841D9540CA00C5FF3D /* models */,
				8301B7451D95361F00C5FF3D /* rostelecomChampion */,
				8301B7441D95361F00C5FF3D /* Products */,
				6E8A8788A343B72F42D8FB5F /* Pods */,
				BCF710FD36CE6B1CEEC8D631 /* Frameworks */,
			);
			sourceTree = "<group>";
		};
		8301B7441D95361F00C5FF3D /* Products */ = {
			isa = PBXGroup;
			children = (
				8301B7431D95361F00C5FF3D /* rostelecomChampion.app */,
			);
			name = Products;
			sourceTree = "<group>";
		};
		8301B7451D95361F00C5FF3D /* rostelecomChampion */ = {
			isa = PBXGroup;
			children = (
				83EDDC881D95FE2300799888 /* Controller */,
				8301B7491D95361F00C5FF3D /* AppDelegate.h */,
				8301B74A1D95361F00C5FF3D /* AppDelegate.m */,
				8301B74F1D95361F00C5FF3D /* Main.storyboard */,
				8301B7551D95361F00C5FF3D /* Assets.xcassets */,
				8301B7571D95361F00C5FF3D /* LaunchScreen.storyboard */,
				8301B75A1D95361F00C5FF3D /* Info.plist */,
				8301B7521D95361F00C5FF3D /* rostelecomChampion.xcdatamodeld */,
				8301B7461D95361F00C5FF3D /* Supporting Files */,
				8301B8051D9546D000C5FF3D /* ConnectionService.h */,
				8301B8061D9546D000C5FF3D /* ConnectionService.m */,
				83EDDC851D95A61B00799888 /* AppServiceProvider.h */,
				83EDDC861D95A61B00799888 /* AppServiceProvider.m */,
			);
			path = rostelecomChampion;
			sourceTree = "<group>";
		};
		8301B7461D95361F00C5FF3D /* Supporting Files */ = {
			isa = PBXGroup;
			children = (
				8301B7471D95361F00C5FF3D /* main.m */,
			);
			name = "Supporting Files";
			sourceTree = "<group>";
		};
		8301B7841D9540CA00C5FF3D /* models */ = {
			isa = PBXGroup;
			children = (
				8320E4B21D9577C900AC7E29 /* AchievementMO.h */,
				8320E4B31D9577C900AC7E29 /* AchievementMO+CoreDataClass.m */,
				8320E4B41D9577C900AC7E29 /* AchievementMO+CoreDataProperties.h */,
				8320E4B51D9577C900AC7E29 /* AchievementMO+CoreDataProperties.m */,
				8320E4B61D9577C900AC7E29 /* TaskMO.h */,
				8320E4B71D9577C900AC7E29 /* TaskMO.m */,
				8320E4B81D9577C900AC7E29 /* TaskMO+CoreDataProperties.h */,
				8320E4B91D9577C900AC7E29 /* TaskMO+CoreDataProperties.m */,
				8320E4BA1D9577C900AC7E29 /* AttachmentMO.h */,
				8320E4BB1D9577C900AC7E29 /* AttachmentMO+CoreDataClass.m */,
				8320E4BC1D9577C900AC7E29 /* AttachmentMO+CoreDataProperties.h */,
				8320E4BD1D9577C900AC7E29 /* AttachmentMO+CoreDataProperties.m */,
				8320E4BE1D9577C900AC7E29 /* UserMO.h */,
				8320E4BF1D9577C900AC7E29 /* UserMO+CoreDataClass.m */,
				8320E4C01D9577C900AC7E29 /* UserMO+CoreDataProperties.h */,
				8320E4C11D9577C900AC7E29 /* UserMO+CoreDataProperties.m */,
				8320E4C21D9577C900AC7E29 /* DepartmentMO.h */,
				8320E4C31D9577C900AC7E29 /* DepartmentMO+CoreDataClass.m */,
				8320E4C41D9577C900AC7E29 /* DepartmentMO+CoreDataProperties.h */,
				8320E4C51D9577C900AC7E29 /* DepartmentMO+CoreDataProperties.m */,
				8320E4C61D9577C900AC7E29 /* RequestMO.h */,
				8320E4C71D9577C900AC7E29 /* RequestMO+CoreDataClass.m */,
				8320E4C81D9577C900AC7E29 /* RequestMO+CoreDataProperties.h */,
				8320E4C91D9577C900AC7E29 /* RequestMO+CoreDataProperties.m */,
				8320E4CA1D9577C900AC7E29 /* Balance_logMO.h */,
				8320E4CB1D9577C900AC7E29 /* Balance_logMO.m */,
				8320E4CC1D9577C900AC7E29 /* Balance_logMO+CoreDataProperties.h */,
				8320E4CD1D9577C900AC7E29 /* Balance_logMO+CoreDataProperties.m */,
				8320E4CE1D9577C900AC7E29 /* LevelMO.h */,
				8320E4CF1D9577C900AC7E29 /* LevelMO+CoreDataClass.m */,
				8320E4D01D9577C900AC7E29 /* LevelMO+CoreDataProperties.h */,
				8320E4D11D9577C900AC7E29 /* LevelMO+CoreDataProperties.m */,
			);
			name = models;
			sourceTree = "<group>";
		};
		83EDDC881D95FE2300799888 /* Controller */ = {
			isa = PBXGroup;
			children = (
				8301B74C1D95361F00C5FF3D /* LoginViewController.h */,
				8301B74D1D95361F00C5FF3D /* LoginViewController.m */,
				83EDDC891D95FE4C00799888 /* ProfileViewController.h */,
				83EDDC8A1D95FE4C00799888 /* ProfileViewController.m */,
				83EDDC8C1D95FFE900799888 /* QuestTableViewCell.h */,
				83EDDC8D1D95FFE900799888 /* QuestTableViewCell.m */,
			);
			name = Controller;
			sourceTree = "<group>";
		};
		BCF710FD36CE6B1CEEC8D631 /* Frameworks */ = {
			isa = PBXGroup;
			children = (
				139E688A929E37A81D8513C5 /* libPods-rostelecomChampion.a */,
			);
			name = Frameworks;
			sourceTree = "<group>";
		};
/* End PBXGroup section */

/* Begin PBXNativeTarget section */
		8301B7421D95361E00C5FF3D /* rostelecomChampion */ = {
			isa = PBXNativeTarget;
			buildConfigurationList = 8301B75D1D95361F00C5FF3D /* Build configuration list for PBXNativeTarget "rostelecomChampion" */;
			buildPhases = (
				75EABF894B30FCD2DBB84573 /* Check Pods Manifest.lock */,
				8301B73F1D95361E00C5FF3D /* Sources */,
				8301B7401D95361E00C5FF3D /* Frameworks */,
				8301B7411D95361E00C5FF3D /* Resources */,
				C6DAC808A841198E7C1B82A2 /* Embed Pods Frameworks */,
				4FEB5D12A3C9DC61BF2F922C /* Copy Pods Resources */,
			);
			buildRules = (
			);
			dependencies = (
			);
			name = rostelecomChampion;
			productName = rostelecomChampion;
			productReference = 8301B7431D95361F00C5FF3D /* rostelecomChampion.app */;
			productType = "com.apple.product-type.application";
		};
/* End PBXNativeTarget section */

/* Begin PBXProject section */
		8301B73B1D95361E00C5FF3D /* Project object */ = {
			isa = PBXProject;
			attributes = {
				LastUpgradeCheck = 0800;
				ORGANIZATIONNAME = ds;
				TargetAttributes = {
					8301B7421D95361E00C5FF3D = {
						CreatedOnToolsVersion = 8.0;
						DevelopmentTeam = W42R9UA43W;
						ProvisioningStyle = Automatic;
					};
				};
			};
			buildConfigurationList = 8301B73E1D95361E00C5FF3D /* Build configuration list for PBXProject "rostelecomChampion" */;
			compatibilityVersion = "Xcode 3.2";
			developmentRegion = English;
			hasScannedForEncodings = 0;
			knownRegions = (
				en,
				Base,
			);
			mainGroup = 8301B73A1D95361E00C5FF3D;
			productRefGroup = 8301B7441D95361F00C5FF3D /* Products */;
			projectDirPath = "";
			projectRoot = "";
			targets = (
				8301B7421D95361E00C5FF3D /* rostelecomChampion */,
			);
		};
/* End PBXProject section */

/* Begin PBXResourcesBuildPhase section */
		8301B7411D95361E00C5FF3D /* Resources */ = {
			isa = PBXResourcesBuildPhase;
			buildActionMask = 2147483647;
			files = (
				8301B7591D95361F00C5FF3D /* LaunchScreen.storyboard in Resources */,
				8301B7561D95361F00C5FF3D /* Assets.xcassets in Resources */,
				8301B7511D95361F00C5FF3D /* Main.storyboard in Resources */,
			);
			runOnlyForDeploymentPostprocessing = 0;
		};
/* End PBXResourcesBuildPhase section */

/* Begin PBXShellScriptBuildPhase section */
		4FEB5D12A3C9DC61BF2F922C /* Copy Pods Resources */ = {
			isa = PBXShellScriptBuildPhase;
			buildActionMask = 2147483647;
			files = (
			);
			inputPaths = (
			);
			name = "Copy Pods Resources";
			outputPaths = (
			);
			runOnlyForDeploymentPostprocessing = 0;
			shellPath = /bin/sh;
			shellScript = "\"${SRCROOT}/Pods/Target Support Files/Pods-rostelecomChampion/Pods-rostelecomChampion-resources.sh\"\n";
			showEnvVarsInLog = 0;
		};
		75EABF894B30FCD2DBB84573 /* Check Pods Manifest.lock */ = {
			isa = PBXShellScriptBuildPhase;
			buildActionMask = 2147483647;
			files = (
			);
			inputPaths = (
			);
			name = "Check Pods Manifest.lock";
			outputPaths = (
			);
			runOnlyForDeploymentPostprocessing = 0;
			shellPath = /bin/sh;
			shellScript = "diff \"${PODS_ROOT}/../Podfile.lock\" \"${PODS_ROOT}/Manifest.lock\" > /dev/null\nif [[ $? != 0 ]] ; then\n    cat << EOM\nerror: The sandbox is not in sync with the Podfile.lock. Run 'pod install' or update your CocoaPods installation.\nEOM\n    exit 1\nfi\n";
			showEnvVarsInLog = 0;
		};
		C6DAC808A841198E7C1B82A2 /* Embed Pods Frameworks */ = {
			isa = PBXShellScriptBuildPhase;
			buildActionMask = 2147483647;
			files = (
			);
			inputPaths = (
			);
			name = "Embed Pods Frameworks";
			outputPaths = (
			);
			runOnlyForDeploymentPostprocessing = 0;
			shellPath = /bin/sh;
			shellScript = "\"${SRCROOT}/Pods/Target Support Files/Pods-rostelecomChampion/Pods-rostelecomChampion-frameworks.sh\"\n";
			showEnvVarsInLog = 0;
		};
/* End PBXShellScriptBuildPhase section */

/* Begin PBXSourcesBuildPhase section */
		8301B73F1D95361E00C5FF3D /* Sources */ = {
			isa = PBXSourcesBuildPhase;
			buildActionMask = 2147483647;
			files = (
				8320E4DA1D9577C900AC7E29 /* DepartmentMO+CoreDataClass.m in Sources */,
				8320E4D91D9577C900AC7E29 /* UserMO+CoreDataProperties.m in Sources */,
				8320E4D41D9577C900AC7E29 /* TaskMO.m in Sources */,
				8320E4DF1D9577C900AC7E29 /* Balance_logMO+CoreDataProperties.m in Sources */,
				83EDDC8E1D95FFE900799888 /* QuestTableViewCell.m in Sources */,
				8320E4DD1D9577C900AC7E29 /* RequestMO+CoreDataProperties.m in Sources */,
				8301B74E1D95361F00C5FF3D /* LoginViewController.m in Sources */,
				8320E4D31D9577C900AC7E29 /* AchievementMO+CoreDataProperties.m in Sources */,
				83EDDC8B1D95FE4C00799888 /* ProfileViewController.m in Sources */,
				8320E4DB1D9577C900AC7E29 /* DepartmentMO+CoreDataProperties.m in Sources */,
				8320E4D61D9577C900AC7E29 /* AttachmentMO+CoreDataClass.m in Sources */,
				8320E4D71D9577C900AC7E29 /* AttachmentMO+CoreDataProperties.m in Sources */,
				8320E4D21D9577C900AC7E29 /* AchievementMO+CoreDataClass.m in Sources */,
				8320E4DE1D9577C900AC7E29 /* Balance_logMO.m in Sources */,
				8320E4D51D9577C900AC7E29 /* TaskMO+CoreDataProperties.m in Sources */,
				8301B74B1D95361F00C5FF3D /* AppDelegate.m in Sources */,
				8320E4DC1D9577C900AC7E29 /* RequestMO+CoreDataClass.m in Sources */,
				8301B7481D95361F00C5FF3D /* main.m in Sources */,
				8301B8071D9546D000C5FF3D /* ConnectionService.m in Sources */,
				8320E4D81D9577C900AC7E29 /* UserMO+CoreDataClass.m in Sources */,
				8320E4E11D9577C900AC7E29 /* LevelMO+CoreDataProperties.m in Sources */,
				8320E4E01D9577C900AC7E29 /* LevelMO+CoreDataClass.m in Sources */,
				83EDDC871D95A61B00799888 /* AppServiceProvider.m in Sources */,
				8301B7541D95361F00C5FF3D /* rostelecomChampion.xcdatamodeld in Sources */,
			);
			runOnlyForDeploymentPostprocessing = 0;
		};
/* End PBXSourcesBuildPhase section */

/* Begin PBXVariantGroup section */
		8301B74F1D95361F00C5FF3D /* Main.storyboard */ = {
			isa = PBXVariantGroup;
			children = (
				8301B7501D95361F00C5FF3D /* Base */,
			);
			name = Main.storyboard;
			sourceTree = "<group>";
		};
		8301B7571D95361F00C5FF3D /* LaunchScreen.storyboard */ = {
			isa = PBXVariantGroup;
			children = (
				8301B7581D95361F00C5FF3D /* Base */,
			);
			name = LaunchScreen.storyboard;
			sourceTree = "<group>";
		};
/* End PBXVariantGroup section */

/* Begin XCBuildConfiguration section */
		8301B75B1D95361F00C5FF3D /* Debug */ = {
			isa = XCBuildConfiguration;
			buildSettings = {
				ALWAYS_SEARCH_USER_PATHS = NO;
				CLANG_ANALYZER_NONNULL = YES;
				CLANG_CXX_LANGUAGE_STANDARD = "gnu++0x";
				CLANG_CXX_LIBRARY = "libc++";
				CLANG_ENABLE_MODULES = YES;
				CLANG_ENABLE_OBJC_ARC = YES;
				CLANG_WARN_BOOL_CONVERSION = YES;
				CLANG_WARN_CONSTANT_CONVERSION = YES;
				CLANG_WARN_DIRECT_OBJC_ISA_USAGE = YES_ERROR;
				CLANG_WARN_DOCUMENTATION_COMMENTS = YES;
				CLANG_WARN_EMPTY_BODY = YES;
				CLANG_WARN_ENUM_CONVERSION = YES;
				CLANG_WARN_INFINITE_RECURSION = YES;
				CLANG_WARN_INT_CONVERSION = YES;
				CLANG_WARN_OBJC_ROOT_CLASS = YES_ERROR;
				CLANG_WARN_SUSPICIOUS_MOVES = YES;
				CLANG_WARN_UNREACHABLE_CODE = YES;
				CLANG_WARN__DUPLICATE_METHOD_MATCH = YES;
				"CODE_SIGN_IDENTITY[sdk=iphoneos*]" = "iPhone Developer";
				COPY_PHASE_STRIP = NO;
				DEBUG_INFORMATION_FORMAT = dwarf;
				ENABLE_STRICT_OBJC_MSGSEND = YES;
				ENABLE_TESTABILITY = YES;
				GCC_C_LANGUAGE_STANDARD = gnu99;
				GCC_DYNAMIC_NO_PIC = NO;
				GCC_NO_COMMON_BLOCKS = YES;
				GCC_OPTIMIZATION_LEVEL = 0;
				GCC_PREPROCESSOR_DEFINITIONS = (
					"DEBUG=1",
					"$(inherited)",
				);
				GCC_WARN_64_TO_32_BIT_CONVERSION = YES;
				GCC_WARN_ABOUT_RETURN_TYPE = YES_ERROR;
				GCC_WARN_UNDECLARED_SELECTOR = YES;
				GCC_WARN_UNINITIALIZED_AUTOS = YES_AGGRESSIVE;
				GCC_WARN_UNUSED_FUNCTION = YES;
				GCC_WARN_UNUSED_VARIABLE = YES;
				IPHONEOS_DEPLOYMENT_TARGET = 10.0;
				MTL_ENABLE_DEBUG_INFO = YES;
				ONLY_ACTIVE_ARCH = YES;
				SDKROOT = iphoneos;
			};
			name = Debug;
		};
		8301B75C1D95361F00C5FF3D /* Release */ = {
			isa = XCBuildConfiguration;
			buildSettings = {
				ALWAYS_SEARCH_USER_PATHS = NO;
				CLANG_ANALYZER_NONNULL = YES;
				CLANG_CXX_LANGUAGE_STANDARD = "gnu++0x";
				CLANG_CXX_LIBRARY = "libc++";
				CLANG_ENABLE_MODULES = YES;
				CLANG_ENABLE_OBJC_ARC = YES;
				CLANG_WARN_BOOL_CONVERSION = YES;
				CLANG_WARN_CONSTANT_CONVERSION = YES;
				CLANG_WARN_DIRECT_OBJC_ISA_USAGE = YES_ERROR;
				CLANG_WARN_DOCUMENTATION_COMMENTS = YES;
				CLANG_WARN_EMPTY_BODY = YES;
				CLANG_WARN_ENUM_CONVERSION = YES;
				CLANG_WARN_INFINITE_RECURSION = YES;
				CLANG_WARN_INT_CONVERSION = YES;
				CLANG_WARN_OBJC_ROOT_CLASS = YES_ERROR;
				CLANG_WARN_SUSPICIOUS_MOVES = YES;
				CLANG_WARN_UNREACHABLE_CODE = YES;
				CLANG_WARN__DUPLICATE_METHOD_MATCH = YES;
				"CODE_SIGN_IDENTITY[sdk=iphoneos*]" = "iPhone Developer";
				COPY_PHASE_STRIP = NO;
				DEBUG_INFORMATION_FORMAT = "dwarf-with-dsym";
				ENABLE_NS_ASSERTIONS = NO;
				ENABLE_STRICT_OBJC_MSGSEND = YES;
				GCC_C_LANGUAGE_STANDARD = gnu99;
				GCC_NO_COMMON_BLOCKS = YES;
				GCC_WARN_64_TO_32_BIT_CONVERSION = YES;
				GCC_WARN_ABOUT_RETURN_TYPE = YES_ERROR;
				GCC_WARN_UNDECLARED_SELECTOR = YES;
				GCC_WARN_UNINITIALIZED_AUTOS = YES_AGGRESSIVE;
				GCC_WARN_UNUSED_FUNCTION = YES;
				GCC_WARN_UNUSED_VARIABLE = YES;
				IPHONEOS_DEPLOYMENT_TARGET = 10.0;
				MTL_ENABLE_DEBUG_INFO = NO;
				SDKROOT = iphoneos;
				VALIDATE_PRODUCT = YES;
			};
			name = Release;
		};
		8301B75E1D95361F00C5FF3D /* Debug */ = {
			isa = XCBuildConfiguration;
			baseConfigurationReference = 9AB13C9D913FD74E3A78F38D /* Pods-rostelecomChampion.debug.xcconfig */;
			buildSettings = {
				ASSETCATALOG_COMPILER_APPICON_NAME = AppIcon;
				DEVELOPMENT_TEAM = W42R9UA43W;
				INFOPLIST_FILE = rostelecomChampion/Info.plist;
				LD_RUNPATH_SEARCH_PATHS = "$(inherited) @executable_path/Frameworks";
				PRODUCT_BUNDLE_IDENTIFIER = ds.rostelecomChampion;
				PRODUCT_NAME = "$(TARGET_NAME)";
			};
			name = Debug;
		};
		8301B75F1D95361F00C5FF3D /* Release */ = {
			isa = XCBuildConfiguration;
			baseConfigurationReference = 7448FA7F4E22427DAC178489 /* Pods-rostelecomChampion.release.xcconfig */;
			buildSettings = {
				ASSETCATALOG_COMPILER_APPICON_NAME = AppIcon;
				DEVELOPMENT_TEAM = W42R9UA43W;
				INFOPLIST_FILE = rostelecomChampion/Info.plist;
				LD_RUNPATH_SEARCH_PATHS = "$(inherited) @executable_path/Frameworks";
				PRODUCT_BUNDLE_IDENTIFIER = ds.rostelecomChampion;
				PRODUCT_NAME = "$(TARGET_NAME)";
			};
			name = Release;
		};
/* End XCBuildConfiguration section */

/* Begin XCConfigurationList section */
		8301B73E1D95361E00C5FF3D /* Build configuration list for PBXProject "rostelecomChampion" */ = {
			isa = XCConfigurationList;
			buildConfigurations = (
				8301B75B1D95361F00C5FF3D /* Debug */,
				8301B75C1D95361F00C5FF3D /* Release */,
			);
			defaultConfigurationIsVisible = 0;
			defaultConfigurationName = Release;
		};
		8301B75D1D95361F00C5FF3D /* Build configuration list for PBXNativeTarget "rostelecomChampion" */ = {
			isa = XCConfigurationList;
			buildConfigurations = (
				8301B75E1D95361F00C5FF3D /* Debug */,
				8301B75F1D95361F00C5FF3D /* Release */,
			);
			defaultConfigurationIsVisible = 0;
			defaultConfigurationName = Release;
		};
/* End XCConfigurationList section */

/* Begin XCVersionGroup section */
		8301B7521D95361F00C5FF3D /* rostelecomChampion.xcdatamodeld */ = {
			isa = XCVersionGroup;
			children = (
				8301B7531D95361F00C5FF3D /* rostelecomChampion.xcdatamodel */,
			);
			currentVersion = 8301B7531D95361F00C5FF3D /* rostelecomChampion.xcdatamodel */;
			path = rostelecomChampion.xcdatamodeld;
			sourceTree = "<group>";
			versionGroupType = wrapper.xcdatamodel;
		};
/* End XCVersionGroup section */
	};
	rootObject = 8301B73B1D95361E00C5FF3D /* Project object */;
}
