// !$*UTF8*$!
{
	archiveVersion = 1;
	classes = {
	};
	objectVersion = 46;
	objects = {

/* Begin PBXBuildFile section */
		8301B7481D95361F00C5FF3D /* main.m in Sources */ = {isa = PBXBuildFile; fileRef = 8301B7471D95361F00C5FF3D /* main.m */; };
		8301B74B1D95361F00C5FF3D /* AppDelegate.m in Sources */ = {isa = PBXBuildFile; fileRef = 8301B74A1D95361F00C5FF3D /* AppDelegate.m */; };
		8301B74E1D95361F00C5FF3D /* ViewController.m in Sources */ = {isa = PBXBuildFile; fileRef = 8301B74D1D95361F00C5FF3D /* ViewController.m */; };
		8301B7511D95361F00C5FF3D /* Main.storyboard in Resources */ = {isa = PBXBuildFile; fileRef = 8301B74F1D95361F00C5FF3D /* Main.storyboard */; };
		8301B7541D95361F00C5FF3D /* rostelecomChampion.xcdatamodeld in Sources */ = {isa = PBXBuildFile; fileRef = 8301B7521D95361F00C5FF3D /* rostelecomChampion.xcdatamodeld */; };
		8301B7561D95361F00C5FF3D /* Assets.xcassets in Resources */ = {isa = PBXBuildFile; fileRef = 8301B7551D95361F00C5FF3D /* Assets.xcassets */; };
		8301B7591D95361F00C5FF3D /* LaunchScreen.storyboard in Resources */ = {isa = PBXBuildFile; fileRef = 8301B7571D95361F00C5FF3D /* LaunchScreen.storyboard */; };
		8301B8041D9545E600C5FF3D /* AppServeceProvider.m in Sources */ = {isa = PBXBuildFile; fileRef = 8301B8031D9545E600C5FF3D /* AppServeceProvider.m */; };
		8301B8071D9546D000C5FF3D /* ConnectionService.m in Sources */ = {isa = PBXBuildFile; fileRef = 8301B8061D9546D000C5FF3D /* ConnectionService.m */; };
		8301B8221D95494F00C5FF3D /* Task+CoreDataClass.m in Sources */ = {isa = PBXBuildFile; fileRef = 8301B80D1D95494F00C5FF3D /* Task+CoreDataClass.m */; };
		8301B8241D95494F00C5FF3D /* Department+CoreDataClass.m in Sources */ = {isa = PBXBuildFile; fileRef = 8301B8111D95494F00C5FF3D /* Department+CoreDataClass.m */; };
		8301B8251D95494F00C5FF3D /* Department+CoreDataProperties.m in Sources */ = {isa = PBXBuildFile; fileRef = 8301B8131D95494F00C5FF3D /* Department+CoreDataProperties.m */; };
		8301B8261D95494F00C5FF3D /* Attachment+CoreDataClass.m in Sources */ = {isa = PBXBuildFile; fileRef = 8301B8151D95494F00C5FF3D /* Attachment+CoreDataClass.m */; };
		8301B8271D95494F00C5FF3D /* Attachment+CoreDataProperties.m in Sources */ = {isa = PBXBuildFile; fileRef = 8301B8171D95494F00C5FF3D /* Attachment+CoreDataProperties.m */; };
		8301B8281D95494F00C5FF3D /* Request+CoreDataClass.m in Sources */ = {isa = PBXBuildFile; fileRef = 8301B8191D95494F00C5FF3D /* Request+CoreDataClass.m */; };
		8301B8291D95494F00C5FF3D /* Request+CoreDataProperties.m in Sources */ = {isa = PBXBuildFile; fileRef = 8301B81B1D95494F00C5FF3D /* Request+CoreDataProperties.m */; };
		8301B82A1D95494F00C5FF3D /* Balance_log+CoreDataClass.m in Sources */ = {isa = PBXBuildFile; fileRef = 8301B81D1D95494F00C5FF3D /* Balance_log+CoreDataClass.m */; };
		8301B82B1D95494F00C5FF3D /* Balance_log+CoreDataProperties.m in Sources */ = {isa = PBXBuildFile; fileRef = 8301B81F1D95494F00C5FF3D /* Balance_log+CoreDataProperties.m */; };
		8301B8421D954D8000C5FF3D /* User+CoreDataClass.m in Sources */ = {isa = PBXBuildFile; fileRef = 8301B8391D954D8000C5FF3D /* User+CoreDataClass.m */; };
		8301B8431D954D8000C5FF3D /* User+CoreDataProperties.m in Sources */ = {isa = PBXBuildFile; fileRef = 8301B83B1D954D8000C5FF3D /* User+CoreDataProperties.m */; };
		8301B8441D954D8000C5FF3D /* Achievement+CoreDataClass.m in Sources */ = {isa = PBXBuildFile; fileRef = 8301B83D1D954D8000C5FF3D /* Achievement+CoreDataClass.m */; };
		8301B8451D954D8000C5FF3D /* Achievement+CoreDataProperties.m in Sources */ = {isa = PBXBuildFile; fileRef = 8301B83F1D954D8000C5FF3D /* Achievement+CoreDataProperties.m */; };
		8301B8461D954D8000C5FF3D /* Task+CoreDataProperties.m in Sources */ = {isa = PBXBuildFile; fileRef = 8301B8411D954D8000C5FF3D /* Task+CoreDataProperties.m */; };
/* End PBXBuildFile section */

/* Begin PBXFileReference section */
		8301B7431D95361F00C5FF3D /* rostelecomChampion.app */ = {isa = PBXFileReference; explicitFileType = wrapper.application; includeInIndex = 0; path = rostelecomChampion.app; sourceTree = BUILT_PRODUCTS_DIR; };
		8301B7471D95361F00C5FF3D /* main.m */ = {isa = PBXFileReference; lastKnownFileType = sourcecode.c.objc; path = main.m; sourceTree = "<group>"; };
		8301B7491D95361F00C5FF3D /* AppDelegate.h */ = {isa = PBXFileReference; lastKnownFileType = sourcecode.c.h; path = AppDelegate.h; sourceTree = "<group>"; };
		8301B74A1D95361F00C5FF3D /* AppDelegate.m */ = {isa = PBXFileReference; lastKnownFileType = sourcecode.c.objc; path = AppDelegate.m; sourceTree = "<group>"; };
		8301B74C1D95361F00C5FF3D /* ViewController.h */ = {isa = PBXFileReference; lastKnownFileType = sourcecode.c.h; path = ViewController.h; sourceTree = "<group>"; };
		8301B74D1D95361F00C5FF3D /* ViewController.m */ = {isa = PBXFileReference; lastKnownFileType = sourcecode.c.objc; path = ViewController.m; sourceTree = "<group>"; };
		8301B7501D95361F00C5FF3D /* Base */ = {isa = PBXFileReference; lastKnownFileType = file.storyboard; name = Base; path = Base.lproj/Main.storyboard; sourceTree = "<group>"; };
		8301B7531D95361F00C5FF3D /* rostelecomChampion.xcdatamodel */ = {isa = PBXFileReference; lastKnownFileType = wrapper.xcdatamodel; path = rostelecomChampion.xcdatamodel; sourceTree = "<group>"; };
		8301B7551D95361F00C5FF3D /* Assets.xcassets */ = {isa = PBXFileReference; lastKnownFileType = folder.assetcatalog; path = Assets.xcassets; sourceTree = "<group>"; };
		8301B7581D95361F00C5FF3D /* Base */ = {isa = PBXFileReference; lastKnownFileType = file.storyboard; name = Base; path = Base.lproj/LaunchScreen.storyboard; sourceTree = "<group>"; };
		8301B75A1D95361F00C5FF3D /* Info.plist */ = {isa = PBXFileReference; lastKnownFileType = text.plist.xml; path = Info.plist; sourceTree = "<group>"; };
		8301B8031D9545E600C5FF3D /* AppServeceProvider.m */ = {isa = PBXFileReference; fileEncoding = 4; lastKnownFileType = sourcecode.c.objc; path = AppServeceProvider.m; sourceTree = "<group>"; };
		8301B8051D9546D000C5FF3D /* ConnectionService.h */ = {isa = PBXFileReference; fileEncoding = 4; lastKnownFileType = sourcecode.c.h; path = ConnectionService.h; sourceTree = "<group>"; };
		8301B8061D9546D000C5FF3D /* ConnectionService.m */ = {isa = PBXFileReference; fileEncoding = 4; lastKnownFileType = sourcecode.c.objc; path = ConnectionService.m; sourceTree = "<group>"; };
		8301B80C1D95494F00C5FF3D /* Task+CoreDataClass.h */ = {isa = PBXFileReference; fileEncoding = 4; lastKnownFileType = sourcecode.c.h; path = "Task+CoreDataClass.h"; sourceTree = "<group>"; };
		8301B80D1D95494F00C5FF3D /* Task+CoreDataClass.m */ = {isa = PBXFileReference; fileEncoding = 4; lastKnownFileType = sourcecode.c.objc; path = "Task+CoreDataClass.m"; sourceTree = "<group>"; };
		8301B8101D95494F00C5FF3D /* Department+CoreDataClass.h */ = {isa = PBXFileReference; fileEncoding = 4; lastKnownFileType = sourcecode.c.h; path = "Department+CoreDataClass.h"; sourceTree = "<group>"; };
		8301B8111D95494F00C5FF3D /* Department+CoreDataClass.m */ = {isa = PBXFileReference; fileEncoding = 4; lastKnownFileType = sourcecode.c.objc; path = "Department+CoreDataClass.m"; sourceTree = "<group>"; };
		8301B8121D95494F00C5FF3D /* Department+CoreDataProperties.h */ = {isa = PBXFileReference; fileEncoding = 4; lastKnownFileType = sourcecode.c.h; path = "Department+CoreDataProperties.h"; sourceTree = "<group>"; };
		8301B8131D95494F00C5FF3D /* Department+CoreDataProperties.m */ = {isa = PBXFileReference; fileEncoding = 4; lastKnownFileType = sourcecode.c.objc; path = "Department+CoreDataProperties.m"; sourceTree = "<group>"; };
		8301B8141D95494F00C5FF3D /* Attachment+CoreDataClass.h */ = {isa = PBXFileReference; fileEncoding = 4; lastKnownFileType = sourcecode.c.h; path = "Attachment+CoreDataClass.h"; sourceTree = "<group>"; };
		8301B8151D95494F00C5FF3D /* Attachment+CoreDataClass.m */ = {isa = PBXFileReference; fileEncoding = 4; lastKnownFileType = sourcecode.c.objc; path = "Attachment+CoreDataClass.m"; sourceTree = "<group>"; };
		8301B8161D95494F00C5FF3D /* Attachment+CoreDataProperties.h */ = {isa = PBXFileReference; fileEncoding = 4; lastKnownFileType = sourcecode.c.h; path = "Attachment+CoreDataProperties.h"; sourceTree = "<group>"; };
		8301B8171D95494F00C5FF3D /* Attachment+CoreDataProperties.m */ = {isa = PBXFileReference; fileEncoding = 4; lastKnownFileType = sourcecode.c.objc; path = "Attachment+CoreDataProperties.m"; sourceTree = "<group>"; };
		8301B8181D95494F00C5FF3D /* Request+CoreDataClass.h */ = {isa = PBXFileReference; fileEncoding = 4; lastKnownFileType = sourcecode.c.h; path = "Request+CoreDataClass.h"; sourceTree = "<group>"; };
		8301B8191D95494F00C5FF3D /* Request+CoreDataClass.m */ = {isa = PBXFileReference; fileEncoding = 4; lastKnownFileType = sourcecode.c.objc; path = "Request+CoreDataClass.m"; sourceTree = "<group>"; };
		8301B81A1D95494F00C5FF3D /* Request+CoreDataProperties.h */ = {isa = PBXFileReference; fileEncoding = 4; lastKnownFileType = sourcecode.c.h; path = "Request+CoreDataProperties.h"; sourceTree = "<group>"; };
		8301B81B1D95494F00C5FF3D /* Request+CoreDataProperties.m */ = {isa = PBXFileReference; fileEncoding = 4; lastKnownFileType = sourcecode.c.objc; path = "Request+CoreDataProperties.m"; sourceTree = "<group>"; };
		8301B81C1D95494F00C5FF3D /* Balance_log+CoreDataClass.h */ = {isa = PBXFileReference; fileEncoding = 4; lastKnownFileType = sourcecode.c.h; path = "Balance_log+CoreDataClass.h"; sourceTree = "<group>"; };
		8301B81D1D95494F00C5FF3D /* Balance_log+CoreDataClass.m */ = {isa = PBXFileReference; fileEncoding = 4; lastKnownFileType = sourcecode.c.objc; path = "Balance_log+CoreDataClass.m"; sourceTree = "<group>"; };
		8301B81E1D95494F00C5FF3D /* Balance_log+CoreDataProperties.h */ = {isa = PBXFileReference; fileEncoding = 4; lastKnownFileType = sourcecode.c.h; path = "Balance_log+CoreDataProperties.h"; sourceTree = "<group>"; };
		8301B81F1D95494F00C5FF3D /* Balance_log+CoreDataProperties.m */ = {isa = PBXFileReference; fileEncoding = 4; lastKnownFileType = sourcecode.c.objc; path = "Balance_log+CoreDataProperties.m"; sourceTree = "<group>"; };
		8301B8381D954D8000C5FF3D /* User+CoreDataClass.h */ = {isa = PBXFileReference; fileEncoding = 4; lastKnownFileType = sourcecode.c.h; path = "User+CoreDataClass.h"; sourceTree = "<group>"; };
		8301B8391D954D8000C5FF3D /* User+CoreDataClass.m */ = {isa = PBXFileReference; fileEncoding = 4; lastKnownFileType = sourcecode.c.objc; path = "User+CoreDataClass.m"; sourceTree = "<group>"; };
		8301B83A1D954D8000C5FF3D /* User+CoreDataProperties.h */ = {isa = PBXFileReference; fileEncoding = 4; lastKnownFileType = sourcecode.c.h; path = "User+CoreDataProperties.h"; sourceTree = "<group>"; };
		8301B83B1D954D8000C5FF3D /* User+CoreDataProperties.m */ = {isa = PBXFileReference; fileEncoding = 4; lastKnownFileType = sourcecode.c.objc; path = "User+CoreDataProperties.m"; sourceTree = "<group>"; };
		8301B83C1D954D8000C5FF3D /* Achievement+CoreDataClass.h */ = {isa = PBXFileReference; fileEncoding = 4; lastKnownFileType = sourcecode.c.h; path = "Achievement+CoreDataClass.h"; sourceTree = "<group>"; };
		8301B83D1D954D8000C5FF3D /* Achievement+CoreDataClass.m */ = {isa = PBXFileReference; fileEncoding = 4; lastKnownFileType = sourcecode.c.objc; path = "Achievement+CoreDataClass.m"; sourceTree = "<group>"; };
		8301B83E1D954D8000C5FF3D /* Achievement+CoreDataProperties.h */ = {isa = PBXFileReference; fileEncoding = 4; lastKnownFileType = sourcecode.c.h; path = "Achievement+CoreDataProperties.h"; sourceTree = "<group>"; };
		8301B83F1D954D8000C5FF3D /* Achievement+CoreDataProperties.m */ = {isa = PBXFileReference; fileEncoding = 4; lastKnownFileType = sourcecode.c.objc; path = "Achievement+CoreDataProperties.m"; sourceTree = "<group>"; };
		8301B8401D954D8000C5FF3D /* Task+CoreDataProperties.h */ = {isa = PBXFileReference; fileEncoding = 4; lastKnownFileType = sourcecode.c.h; path = "Task+CoreDataProperties.h"; sourceTree = "<group>"; };
		8301B8411D954D8000C5FF3D /* Task+CoreDataProperties.m */ = {isa = PBXFileReference; fileEncoding = 4; lastKnownFileType = sourcecode.c.objc; path = "Task+CoreDataProperties.m"; sourceTree = "<group>"; };
/* End PBXFileReference section */

/* Begin PBXFrameworksBuildPhase section */
		8301B7401D95361E00C5FF3D /* Frameworks */ = {
			isa = PBXFrameworksBuildPhase;
			buildActionMask = 2147483647;
			files = (
			);
			runOnlyForDeploymentPostprocessing = 0;
		};
/* End PBXFrameworksBuildPhase section */

/* Begin PBXGroup section */
		8301B73A1D95361E00C5FF3D = {
			isa = PBXGroup;
			children = (
				8301B7841D9540CA00C5FF3D /* models */,
				8301B7451D95361F00C5FF3D /* rostelecomChampion */,
				8301B7441D95361F00C5FF3D /* Products */,
			);
			sourceTree = "<group>";
		};
		8301B7441D95361F00C5FF3D /* Products */ = {
			isa = PBXGroup;
			children = (
				8301B7431D95361F00C5FF3D /* rostelecomChampion.app */,
			);
			name = Products;
			sourceTree = "<group>";
		};
		8301B7451D95361F00C5FF3D /* rostelecomChampion */ = {
			isa = PBXGroup;
			children = (
				8301B7491D95361F00C5FF3D /* AppDelegate.h */,
				8301B74A1D95361F00C5FF3D /* AppDelegate.m */,
				8301B74C1D95361F00C5FF3D /* ViewController.h */,
				8301B74D1D95361F00C5FF3D /* ViewController.m */,
				8301B74F1D95361F00C5FF3D /* Main.storyboard */,
				8301B7551D95361F00C5FF3D /* Assets.xcassets */,
				8301B7571D95361F00C5FF3D /* LaunchScreen.storyboard */,
				8301B75A1D95361F00C5FF3D /* Info.plist */,
				8301B7521D95361F00C5FF3D /* rostelecomChampion.xcdatamodeld */,
				8301B7461D95361F00C5FF3D /* Supporting Files */,
				8301B8031D9545E600C5FF3D /* AppServeceProvider.m */,
				8301B8051D9546D000C5FF3D /* ConnectionService.h */,
				8301B8061D9546D000C5FF3D /* ConnectionService.m */,
			);
			path = rostelecomChampion;
			sourceTree = "<group>";
		};
		8301B7461D95361F00C5FF3D /* Supporting Files */ = {
			isa = PBXGroup;
			children = (
				8301B7471D95361F00C5FF3D /* main.m */,
			);
			name = "Supporting Files";
			sourceTree = "<group>";
		};
		8301B7841D9540CA00C5FF3D /* models */ = {
			isa = PBXGroup;
			children = (
				8301B8381D954D8000C5FF3D /* User+CoreDataClass.h */,
				8301B8391D954D8000C5FF3D /* User+CoreDataClass.m */,
				8301B83A1D954D8000C5FF3D /* User+CoreDataProperties.h */,
				8301B83B1D954D8000C5FF3D /* User+CoreDataProperties.m */,
				8301B83C1D954D8000C5FF3D /* Achievement+CoreDataClass.h */,
				8301B83D1D954D8000C5FF3D /* Achievement+CoreDataClass.m */,
				8301B83E1D954D8000C5FF3D /* Achievement+CoreDataProperties.h */,
				8301B83F1D954D8000C5FF3D /* Achievement+CoreDataProperties.m */,
				8301B8401D954D8000C5FF3D /* Task+CoreDataProperties.h */,
				8301B8411D954D8000C5FF3D /* Task+CoreDataProperties.m */,
				8301B80C1D95494F00C5FF3D /* Task+CoreDataClass.h */,
				8301B80D1D95494F00C5FF3D /* Task+CoreDataClass.m */,
				8301B8101D95494F00C5FF3D /* Department+CoreDataClass.h */,
				8301B8111D95494F00C5FF3D /* Department+CoreDataClass.m */,
				8301B8121D95494F00C5FF3D /* Department+CoreDataProperties.h */,
				8301B8131D95494F00C5FF3D /* Department+CoreDataProperties.m */,
				8301B8141D95494F00C5FF3D /* Attachment+CoreDataClass.h */,
				8301B8151D95494F00C5FF3D /* Attachment+CoreDataClass.m */,
				8301B8161D95494F00C5FF3D /* Attachment+CoreDataProperties.h */,
				8301B8171D95494F00C5FF3D /* Attachment+CoreDataProperties.m */,
				8301B8181D95494F00C5FF3D /* Request+CoreDataClass.h */,
				8301B8191D95494F00C5FF3D /* Request+CoreDataClass.m */,
				8301B81A1D95494F00C5FF3D /* Request+CoreDataProperties.h */,
				8301B81B1D95494F00C5FF3D /* Request+CoreDataProperties.m */,
				8301B81C1D95494F00C5FF3D /* Balance_log+CoreDataClass.h */,
				8301B81D1D95494F00C5FF3D /* Balance_log+CoreDataClass.m */,
				8301B81E1D95494F00C5FF3D /* Balance_log+CoreDataProperties.h */,
				8301B81F1D95494F00C5FF3D /* Balance_log+CoreDataProperties.m */,
			);
			name = models;
			sourceTree = "<group>";
		};
/* End PBXGroup section */

/* Begin PBXNativeTarget section */
		8301B7421D95361E00C5FF3D /* rostelecomChampion */ = {
			isa = PBXNativeTarget;
			buildConfigurationList = 8301B75D1D95361F00C5FF3D /* Build configuration list for PBXNativeTarget "rostelecomChampion" */;
			buildPhases = (
				8301B73F1D95361E00C5FF3D /* Sources */,
				8301B7401D95361E00C5FF3D /* Frameworks */,
				8301B7411D95361E00C5FF3D /* Resources */,
			);
			buildRules = (
			);
			dependencies = (
			);
			name = rostelecomChampion;
			productName = rostelecomChampion;
			productReference = 8301B7431D95361F00C5FF3D /* rostelecomChampion.app */;
			productType = "com.apple.product-type.application";
		};
/* End PBXNativeTarget section */

/* Begin PBXProject section */
		8301B73B1D95361E00C5FF3D /* Project object */ = {
			isa = PBXProject;
			attributes = {
				LastUpgradeCheck = 0800;
				ORGANIZATIONNAME = ds;
				TargetAttributes = {
					8301B7421D95361E00C5FF3D = {
						CreatedOnToolsVersion = 8.0;
						DevelopmentTeam = W42R9UA43W;
						ProvisioningStyle = Automatic;
					};
				};
			};
			buildConfigurationList = 8301B73E1D95361E00C5FF3D /* Build configuration list for PBXProject "rostelecomChampion" */;
			compatibilityVersion = "Xcode 3.2";
			developmentRegion = English;
			hasScannedForEncodings = 0;
			knownRegions = (
				en,
				Base,
			);
			mainGroup = 8301B73A1D95361E00C5FF3D;
			productRefGroup = 8301B7441D95361F00C5FF3D /* Products */;
			projectDirPath = "";
			projectRoot = "";
			targets = (
				8301B7421D95361E00C5FF3D /* rostelecomChampion */,
			);
		};
/* End PBXProject section */

/* Begin PBXResourcesBuildPhase section */
		8301B7411D95361E00C5FF3D /* Resources */ = {
			isa = PBXResourcesBuildPhase;
			buildActionMask = 2147483647;
			files = (
				8301B7591D95361F00C5FF3D /* LaunchScreen.storyboard in Resources */,
				8301B7561D95361F00C5FF3D /* Assets.xcassets in Resources */,
				8301B7511D95361F00C5FF3D /* Main.storyboard in Resources */,
			);
			runOnlyForDeploymentPostprocessing = 0;
		};
/* End PBXResourcesBuildPhase section */

/* Begin PBXSourcesBuildPhase section */
		8301B73F1D95361E00C5FF3D /* Sources */ = {
			isa = PBXSourcesBuildPhase;
			buildActionMask = 2147483647;
			files = (
				8301B74E1D95361F00C5FF3D /* ViewController.m in Sources */,
				8301B8251D95494F00C5FF3D /* Department+CoreDataProperties.m in Sources */,
				8301B8421D954D8000C5FF3D /* User+CoreDataClass.m in Sources */,
				8301B8441D954D8000C5FF3D /* Achievement+CoreDataClass.m in Sources */,
				8301B8221D95494F00C5FF3D /* Task+CoreDataClass.m in Sources */,
				8301B74B1D95361F00C5FF3D /* AppDelegate.m in Sources */,
				8301B8461D954D8000C5FF3D /* Task+CoreDataProperties.m in Sources */,
				8301B8261D95494F00C5FF3D /* Attachment+CoreDataClass.m in Sources */,
				8301B7481D95361F00C5FF3D /* main.m in Sources */,
				8301B82B1D95494F00C5FF3D /* Balance_log+CoreDataProperties.m in Sources */,
				8301B8071D9546D000C5FF3D /* ConnectionService.m in Sources */,
				8301B8281D95494F00C5FF3D /* Request+CoreDataClass.m in Sources */,
				8301B82A1D95494F00C5FF3D /* Balance_log+CoreDataClass.m in Sources */,
				8301B8241D95494F00C5FF3D /* Department+CoreDataClass.m in Sources */,
				8301B8291D95494F00C5FF3D /* Request+CoreDataProperties.m in Sources */,
				8301B8431D954D8000C5FF3D /* User+CoreDataProperties.m in Sources */,
				8301B7541D95361F00C5FF3D /* rostelecomChampion.xcdatamodeld in Sources */,
				8301B8451D954D8000C5FF3D /* Achievement+CoreDataProperties.m in Sources */,
				8301B8271D95494F00C5FF3D /* Attachment+CoreDataProperties.m in Sources */,
				8301B8041D9545E600C5FF3D /* AppServeceProvider.m in Sources */,
			);
			runOnlyForDeploymentPostprocessing = 0;
		};
/* End PBXSourcesBuildPhase section */

/* Begin PBXVariantGroup section */
		8301B74F1D95361F00C5FF3D /* Main.storyboard */ = {
			isa = PBXVariantGroup;
			children = (
				8301B7501D95361F00C5FF3D /* Base */,
			);
			name = Main.storyboard;
			sourceTree = "<group>";
		};
		8301B7571D95361F00C5FF3D /* LaunchScreen.storyboard */ = {
			isa = PBXVariantGroup;
			children = (
				8301B7581D95361F00C5FF3D /* Base */,
			);
			name = LaunchScreen.storyboard;
			sourceTree = "<group>";
		};
/* End PBXVariantGroup section */

/* Begin XCBuildConfiguration section */
		8301B75B1D95361F00C5FF3D /* Debug */ = {
			isa = XCBuildConfiguration;
			buildSettings = {
				ALWAYS_SEARCH_USER_PATHS = NO;
				CLANG_ANALYZER_NONNULL = YES;
				CLANG_CXX_LANGUAGE_STANDARD = "gnu++0x";
				CLANG_CXX_LIBRARY = "libc++";
				CLANG_ENABLE_MODULES = YES;
				CLANG_ENABLE_OBJC_ARC = YES;
				CLANG_WARN_BOOL_CONVERSION = YES;
				CLANG_WARN_CONSTANT_CONVERSION = YES;
				CLANG_WARN_DIRECT_OBJC_ISA_USAGE = YES_ERROR;
				CLANG_WARN_DOCUMENTATION_COMMENTS = YES;
				CLANG_WARN_EMPTY_BODY = YES;
				CLANG_WARN_ENUM_CONVERSION = YES;
				CLANG_WARN_INFINITE_RECURSION = YES;
				CLANG_WARN_INT_CONVERSION = YES;
				CLANG_WARN_OBJC_ROOT_CLASS = YES_ERROR;
				CLANG_WARN_SUSPICIOUS_MOVES = YES;
				CLANG_WARN_UNREACHABLE_CODE = YES;
				CLANG_WARN__DUPLICATE_METHOD_MATCH = YES;
				"CODE_SIGN_IDENTITY[sdk=iphoneos*]" = "iPhone Developer";
				COPY_PHASE_STRIP = NO;
				DEBUG_INFORMATION_FORMAT = dwarf;
				ENABLE_STRICT_OBJC_MSGSEND = YES;
				ENABLE_TESTABILITY = YES;
				GCC_C_LANGUAGE_STANDARD = gnu99;
				GCC_DYNAMIC_NO_PIC = NO;
				GCC_NO_COMMON_BLOCKS = YES;
				GCC_OPTIMIZATION_LEVEL = 0;
				GCC_PREPROCESSOR_DEFINITIONS = (
					"DEBUG=1",
					"$(inherited)",
				);
				GCC_WARN_64_TO_32_BIT_CONVERSION = YES;
				GCC_WARN_ABOUT_RETURN_TYPE = YES_ERROR;
				GCC_WARN_UNDECLARED_SELECTOR = YES;
				GCC_WARN_UNINITIALIZED_AUTOS = YES_AGGRESSIVE;
				GCC_WARN_UNUSED_FUNCTION = YES;
				GCC_WARN_UNUSED_VARIABLE = YES;
				IPHONEOS_DEPLOYMENT_TARGET = 10.0;
				MTL_ENABLE_DEBUG_INFO = YES;
				ONLY_ACTIVE_ARCH = YES;
				SDKROOT = iphoneos;
			};
			name = Debug;
		};
		8301B75C1D95361F00C5FF3D /* Release */ = {
			isa = XCBuildConfiguration;
			buildSettings = {
				ALWAYS_SEARCH_USER_PATHS = NO;
				CLANG_ANALYZER_NONNULL = YES;
				CLANG_CXX_LANGUAGE_STANDARD = "gnu++0x";
				CLANG_CXX_LIBRARY = "libc++";
				CLANG_ENABLE_MODULES = YES;
				CLANG_ENABLE_OBJC_ARC = YES;
				CLANG_WARN_BOOL_CONVERSION = YES;
				CLANG_WARN_CONSTANT_CONVERSION = YES;
				CLANG_WARN_DIRECT_OBJC_ISA_USAGE = YES_ERROR;
				CLANG_WARN_DOCUMENTATION_COMMENTS = YES;
				CLANG_WARN_EMPTY_BODY = YES;
				CLANG_WARN_ENUM_CONVERSION = YES;
				CLANG_WARN_INFINITE_RECURSION = YES;
				CLANG_WARN_INT_CONVERSION = YES;
				CLANG_WARN_OBJC_ROOT_CLASS = YES_ERROR;
				CLANG_WARN_SUSPICIOUS_MOVES = YES;
				CLANG_WARN_UNREACHABLE_CODE = YES;
				CLANG_WARN__DUPLICATE_METHOD_MATCH = YES;
				"CODE_SIGN_IDENTITY[sdk=iphoneos*]" = "iPhone Developer";
				COPY_PHASE_STRIP = NO;
				DEBUG_INFORMATION_FORMAT = "dwarf-with-dsym";
				ENABLE_NS_ASSERTIONS = NO;
				ENABLE_STRICT_OBJC_MSGSEND = YES;
				GCC_C_LANGUAGE_STANDARD = gnu99;
				GCC_NO_COMMON_BLOCKS = YES;
				GCC_WARN_64_TO_32_BIT_CONVERSION = YES;
				GCC_WARN_ABOUT_RETURN_TYPE = YES_ERROR;
				GCC_WARN_UNDECLARED_SELECTOR = YES;
				GCC_WARN_UNINITIALIZED_AUTOS = YES_AGGRESSIVE;
				GCC_WARN_UNUSED_FUNCTION = YES;
				GCC_WARN_UNUSED_VARIABLE = YES;
				IPHONEOS_DEPLOYMENT_TARGET = 10.0;
				MTL_ENABLE_DEBUG_INFO = NO;
				SDKROOT = iphoneos;
				VALIDATE_PRODUCT = YES;
			};
			name = Release;
		};
		8301B75E1D95361F00C5FF3D /* Debug */ = {
			isa = XCBuildConfiguration;
			buildSettings = {
				ASSETCATALOG_COMPILER_APPICON_NAME = AppIcon;
				DEVELOPMENT_TEAM = W42R9UA43W;
				INFOPLIST_FILE = rostelecomChampion/Info.plist;
				LD_RUNPATH_SEARCH_PATHS = "$(inherited) @executable_path/Frameworks";
				PRODUCT_BUNDLE_IDENTIFIER = ds.rostelecomChampion;
				PRODUCT_NAME = "$(TARGET_NAME)";
			};
			name = Debug;
		};
		8301B75F1D95361F00C5FF3D /* Release */ = {
			isa = XCBuildConfiguration;
			buildSettings = {
				ASSETCATALOG_COMPILER_APPICON_NAME = AppIcon;
				DEVELOPMENT_TEAM = W42R9UA43W;
				INFOPLIST_FILE = rostelecomChampion/Info.plist;
				LD_RUNPATH_SEARCH_PATHS = "$(inherited) @executable_path/Frameworks";
				PRODUCT_BUNDLE_IDENTIFIER = ds.rostelecomChampion;
				PRODUCT_NAME = "$(TARGET_NAME)";
			};
			name = Release;
		};
/* End XCBuildConfiguration section */

/* Begin XCConfigurationList section */
		8301B73E1D95361E00C5FF3D /* Build configuration list for PBXProject "rostelecomChampion" */ = {
			isa = XCConfigurationList;
			buildConfigurations = (
				8301B75B1D95361F00C5FF3D /* Debug */,
				8301B75C1D95361F00C5FF3D /* Release */,
			);
			defaultConfigurationIsVisible = 0;
			defaultConfigurationName = Release;
		};
		8301B75D1D95361F00C5FF3D /* Build configuration list for PBXNativeTarget "rostelecomChampion" */ = {
			isa = XCConfigurationList;
			buildConfigurations = (
				8301B75E1D95361F00C5FF3D /* Debug */,
				8301B75F1D95361F00C5FF3D /* Release */,
			);
			defaultConfigurationIsVisible = 0;
		};
/* End XCConfigurationList section */

/* Begin XCVersionGroup section */
		8301B7521D95361F00C5FF3D /* rostelecomChampion.xcdatamodeld */ = {
			isa = XCVersionGroup;
			children = (
				8301B7531D95361F00C5FF3D /* rostelecomChampion.xcdatamodel */,
			);
			currentVersion = 8301B7531D95361F00C5FF3D /* rostelecomChampion.xcdatamodel */;
			path = rostelecomChampion.xcdatamodeld;
			sourceTree = "<group>";
			versionGroupType = wrapper.xcdatamodel;
		};
/* End XCVersionGroup section */
	};
	rootObject = 8301B73B1D95361E00C5FF3D /* Project object */;
}
